
Microsoft Visual Studio Solution File, Format Version 12.00
# Visual Studio Version 16
VisualStudioVersion = 16.0.32228.343
MinimumVisualStudioVersion = 10.0.40219.1
Project("{FAE04EC0-301F-11D3-BF4B-00C04F79EFBC}") = "eshopperapi", "eshopperapi\eshopperapi.csproj", "{CAF5F49E-5B53-4C74-8940-E9D48C652058}"
EndProject
Global
	GlobalSection(SolutionConfigurationPlatforms) = preSolution
		Debug|Any CPU = Debug|Any CPU
		Release|Any CPU = Release|Any CPU
	EndGlobalSection
	GlobalSection(ProjectConfigurationPlatforms) = postSolution
		{CAF5F49E-5B53-4C74-8940-E9D48C652058}.Debug|Any CPU.ActiveCfg = Debug|Any CPU
		{CAF5F49E-5B53-4C74-8940-E9D48C652058}.Debug|Any CPU.Build.0 = Debug|Any CPU
		{CAF5F49E-5B53-4C74-8940-E9D48C652058}.Release|Any CPU.ActiveCfg = Release|Any CPU
		{CAF5F49E-5B53-4C74-8940-E9D48C652058}.Release|Any CPU.Build.0 = Release|Any CPU
	EndGlobalSection
	GlobalSection(SolutionProperties) = preSolution
		HideSolutionNode = FALSE
	EndGlobalSection
	GlobalSection(ExtensibilityGlobals) = postSolution
		SolutionGuid = {A5A1550C-79A5-4A2B-9456-2F82B8298FE6}
	EndGlobalSection
EndGlobal
